// !$*UTF8*$!
{
	archiveVersion = 1;
	classes = {
	};
	objectVersion = 46;
	objects = {

/* Begin PBXBuildFile section */
		729AAA931D86E722002A6230 /* main.swift in Sources */ = {isa = PBXBuildFile; fileRef = 729AAA921D86E722002A6230 /* main.swift */; };
		729AAA9A1D86E73B002A6230 /* Caption.swift in Sources */ = {isa = PBXBuildFile; fileRef = 729AAA991D86E73B002A6230 /* Caption.swift */; };
		729AAA9C1D86E756002A6230 /* ReadFile.swift in Sources */ = {isa = PBXBuildFile; fileRef = 729AAA9B1D86E756002A6230 /* ReadFile.swift */; };
		729AAA9E1D86E779002A6230 /* Headers.swift in Sources */ = {isa = PBXBuildFile; fileRef = 729AAA9D1D86E779002A6230 /* Headers.swift */; };
		729AAAA01D86E79C002A6230 /* TagText.swift in Sources */ = {isa = PBXBuildFile; fileRef = 729AAA9F1D86E79C002A6230 /* TagText.swift */; };
		729AAAA21D86E7D3002A6230 /* ReturnCaption.swift in Sources */ = {isa = PBXBuildFile; fileRef = 729AAAA11D86E7D3002A6230 /* ReturnCaption.swift */; };
		729AAAA41D86E89F002A6230 /* SMPTECaptionString.swift in Sources */ = {isa = PBXBuildFile; fileRef = 729AAAA31D86E89F002A6230 /* SMPTECaptionString.swift */; };
		729AAAA61D876A85002A6230 /* generateFilePath.swift in Sources */ = {isa = PBXBuildFile; fileRef = 729AAAA51D876A85002A6230 /* generateFilePath.swift */; };
		729AAAA81D876EB6002A6230 /* generateFileURL.swift in Sources */ = {isa = PBXBuildFile; fileRef = 729AAAA71D876EB6002A6230 /* generateFileURL.swift */; };
		729AAAAA1D876EEB002A6230 /* saveAndExport.swift in Sources */ = {isa = PBXBuildFile; fileRef = 729AAAA91D876EEB002A6230 /* saveAndExport.swift */; };
/* End PBXBuildFile section */

/* Begin PBXCopyFilesBuildPhase section */
		729AAA8D1D86E722002A6230 /* CopyFiles */ = {
			isa = PBXCopyFilesBuildPhase;
			buildActionMask = 2147483647;
			dstPath = /usr/share/man/man1/;
			dstSubfolderSpec = 0;
			files = (
			);
			runOnlyForDeploymentPostprocessing = 1;
		};
/* End PBXCopyFilesBuildPhase section */

/* Begin PBXFileReference section */
		729AAA8F1D86E722002A6230 /* smpteCaptionCreator */ = {isa = PBXFileReference; explicitFileType = "compiled.mach-o.executable"; includeInIndex = 0; path = smpteCaptionCreator; sourceTree = BUILT_PRODUCTS_DIR; };
		729AAA921D86E722002A6230 /* main.swift */ = {isa = PBXFileReference; lastKnownFileType = sourcecode.swift; path = main.swift; sourceTree = "<group>"; };
		729AAA991D86E73B002A6230 /* Caption.swift */ = {isa = PBXFileReference; fileEncoding = 4; lastKnownFileType = sourcecode.swift; path = Caption.swift; sourceTree = "<group>"; };
		729AAA9B1D86E756002A6230 /* ReadFile.swift */ = {isa = PBXFileReference; fileEncoding = 4; lastKnownFileType = sourcecode.swift; path = ReadFile.swift; sourceTree = "<group>"; };
		729AAA9D1D86E779002A6230 /* Headers.swift */ = {isa = PBXFileReference; fileEncoding = 4; lastKnownFileType = sourcecode.swift; path = Headers.swift; sourceTree = "<group>"; };
		729AAA9F1D86E79C002A6230 /* TagText.swift */ = {isa = PBXFileReference; fileEncoding = 4; lastKnownFileType = sourcecode.swift; path = TagText.swift; sourceTree = "<group>"; };
		729AAAA11D86E7D3002A6230 /* ReturnCaption.swift */ = {isa = PBXFileReference; fileEncoding = 4; lastKnownFileType = sourcecode.swift; path = ReturnCaption.swift; sourceTree = "<group>"; };
		729AAAA31D86E89F002A6230 /* SMPTECaptionString.swift */ = {isa = PBXFileReference; fileEncoding = 4; lastKnownFileType = sourcecode.swift; path = SMPTECaptionString.swift; sourceTree = "<group>"; };
		729AAAA51D876A85002A6230 /* generateFilePath.swift */ = {isa = PBXFileReference; fileEncoding = 4; lastKnownFileType = sourcecode.swift; path = generateFilePath.swift; sourceTree = "<group>"; };
		729AAAA71D876EB6002A6230 /* generateFileURL.swift */ = {isa = PBXFileReference; fileEncoding = 4; lastKnownFileType = sourcecode.swift; path = generateFileURL.swift; sourceTree = "<group>"; };
		729AAAA91D876EEB002A6230 /* saveAndExport.swift */ = {isa = PBXFileReference; fileEncoding = 4; lastKnownFileType = sourcecode.swift; path = saveAndExport.swift; sourceTree = "<group>"; };
/* End PBXFileReference section */

/* Begin PBXFrameworksBuildPhase section */
		729AAA8C1D86E722002A6230 /* Frameworks */ = {
			isa = PBXFrameworksBuildPhase;
			buildActionMask = 2147483647;
			files = (
			);
			runOnlyForDeploymentPostprocessing = 0;
		};
/* End PBXFrameworksBuildPhase section */

/* Begin PBXGroup section */
		729AAA861D86E722002A6230 = {
			isa = PBXGroup;
			children = (
				729AAA911D86E722002A6230 /* smpteCaptionCreator */,
				729AAA901D86E722002A6230 /* Products */,
			);
			sourceTree = "<group>";
		};
		729AAA901D86E722002A6230 /* Products */ = {
			isa = PBXGroup;
			children = (
				729AAA8F1D86E722002A6230 /* smpteCaptionCreator */,
			);
			name = Products;
			sourceTree = "<group>";
		};
		729AAA911D86E722002A6230 /* smpteCaptionCreator */ = {
			isa = PBXGroup;
			children = (
				729AAA921D86E722002A6230 /* main.swift */,
				729AAA991D86E73B002A6230 /* Caption.swift */,
				729AAA9B1D86E756002A6230 /* ReadFile.swift */,
				729AAA9D1D86E779002A6230 /* Headers.swift */,
				729AAA9F1D86E79C002A6230 /* TagText.swift */,
				729AAAA11D86E7D3002A6230 /* ReturnCaption.swift */,
				729AAAA31D86E89F002A6230 /* SMPTECaptionString.swift */,
				729AAAA51D876A85002A6230 /* generateFilePath.swift */,
				729AAAA71D876EB6002A6230 /* generateFileURL.swift */,
				729AAAA91D876EEB002A6230 /* saveAndExport.swift */,
			);
			path = smpteCaptionCreator;
			sourceTree = "<group>";
		};
/* End PBXGroup section */

/* Begin PBXNativeTarget section */
		729AAA8E1D86E722002A6230 /* smpteCaptionCreator */ = {
			isa = PBXNativeTarget;
			buildConfigurationList = 729AAA961D86E722002A6230 /* Build configuration list for PBXNativeTarget "smpteCaptionCreator" */;
			buildPhases = (
				729AAA8B1D86E722002A6230 /* Sources */,
				729AAA8C1D86E722002A6230 /* Frameworks */,
				729AAA8D1D86E722002A6230 /* CopyFiles */,
			);
			buildRules = (
			);
			dependencies = (
			);
			name = smpteCaptionCreator;
			productName = smpteCaptionCreator;
			productReference = 729AAA8F1D86E722002A6230 /* smpteCaptionCreator */;
			productType = "com.apple.product-type.tool";
		};
/* End PBXNativeTarget section */

/* Begin PBXProject section */
		729AAA871D86E722002A6230 /* Project object */ = {
			isa = PBXProject;
			attributes = {
				LastSwiftUpdateCheck = 0800;
				LastUpgradeCheck = 0800;
				ORGANIZATIONNAME = "Justin Purnell";
				TargetAttributes = {
					729AAA8E1D86E722002A6230 = {
						CreatedOnToolsVersion = 8.0;
						DevelopmentTeam = BNDA9Y6YV9;
						ProvisioningStyle = Automatic;
					};
				};
			};
			buildConfigurationList = 729AAA8A1D86E722002A6230 /* Build configuration list for PBXProject "smpteCaptionCreator" */;
			compatibilityVersion = "Xcode 3.2";
			developmentRegion = English;
			hasScannedForEncodings = 0;
			knownRegions = (
				en,
			);
			mainGroup = 729AAA861D86E722002A6230;
			productRefGroup = 729AAA901D86E722002A6230 /* Products */;
			projectDirPath = "";
			projectRoot = "";
			targets = (
				729AAA8E1D86E722002A6230 /* smpteCaptionCreator */,
			);
		};
/* End PBXProject section */

/* Begin PBXSourcesBuildPhase section */
		729AAA8B1D86E722002A6230 /* Sources */ = {
			isa = PBXSourcesBuildPhase;
			buildActionMask = 2147483647;
			files = (
				729AAAA21D86E7D3002A6230 /* ReturnCaption.swift in Sources */,
				729AAAA61D876A85002A6230 /* generateFilePath.swift in Sources */,
				729AAAAA1D876EEB002A6230 /* saveAndExport.swift in Sources */,
				729AAAA41D86E89F002A6230 /* SMPTECaptionString.swift in Sources */,
				729AAA9E1D86E779002A6230 /* Headers.swift in Sources */,
				729AAA9A1D86E73B002A6230 /* Caption.swift in Sources */,
				729AAAA81D876EB6002A6230 /* generateFileURL.swift in Sources */,
				729AAA9C1D86E756002A6230 /* ReadFile.swift in Sources */,
				729AAA931D86E722002A6230 /* main.swift in Sources */,
				729AAAA01D86E79C002A6230 /* TagText.swift in Sources */,
			);
			runOnlyForDeploymentPostprocessing = 0;
		};
/* End PBXSourcesBuildPhase section */

/* Begin XCBuildConfiguration section */
		729AAA941D86E722002A6230 /* Debug */ = {
			isa = XCBuildConfiguration;
			buildSettings = {
				ALWAYS_SEARCH_USER_PATHS = NO;
				CLANG_ANALYZER_NONNULL = YES;
				CLANG_CXX_LANGUAGE_STANDARD = "gnu++0x";
				CLANG_CXX_LIBRARY = "libc++";
				CLANG_ENABLE_MODULES = YES;
				CLANG_ENABLE_OBJC_ARC = YES;
				CLANG_WARN_BOOL_CONVERSION = YES;
				CLANG_WARN_CONSTANT_CONVERSION = YES;
				CLANG_WARN_DIRECT_OBJC_ISA_USAGE = YES_ERROR;
				CLANG_WARN_DOCUMENTATION_COMMENTS = YES;
				CLANG_WARN_EMPTY_BODY = YES;
				CLANG_WARN_ENUM_CONVERSION = YES;
				CLANG_WARN_INFINITE_RECURSION = YES;
				CLANG_WARN_INT_CONVERSION = YES;
				CLANG_WARN_OBJC_ROOT_CLASS = YES_ERROR;
				CLANG_WARN_SUSPICIOUS_MOVES = YES;
				CLANG_WARN_UNREACHABLE_CODE = YES;
				CLANG_WARN__DUPLICATE_METHOD_MATCH = YES;
				CODE_SIGN_IDENTITY = "-";
				COPY_PHASE_STRIP = NO;
				DEBUG_INFORMATION_FORMAT = dwarf;
				ENABLE_STRICT_OBJC_MSGSEND = YES;
				ENABLE_TESTABILITY = YES;
				GCC_C_LANGUAGE_STANDARD = gnu99;
				GCC_DYNAMIC_NO_PIC = NO;
				GCC_NO_COMMON_BLOCKS = YES;
				GCC_OPTIMIZATION_LEVEL = 0;
				GCC_PREPROCESSOR_DEFINITIONS = (
					"DEBUG=1",
					"$(inherited)",
				);
				GCC_WARN_64_TO_32_BIT_CONVERSION = YES;
				GCC_WARN_ABOUT_RETURN_TYPE = YES_ERROR;
				GCC_WARN_UNDECLARED_SELECTOR = YES;
				GCC_WARN_UNINITIALIZED_AUTOS = YES_AGGRESSIVE;
				GCC_WARN_UNUSED_FUNCTION = YES;
				GCC_WARN_UNUSED_VARIABLE = YES;
				MACOSX_DEPLOYMENT_TARGET = 10.12;
				MTL_ENABLE_DEBUG_INFO = YES;
				ONLY_ACTIVE_ARCH = YES;
				SDKROOT = macosx;
				SWIFT_OPTIMIZATION_LEVEL = "-Onone";
			};
			name = Debug;
		};
		729AAA951D86E722002A6230 /* Release */ = {
			isa = XCBuildConfiguration;
			buildSettings = {
				ALWAYS_SEARCH_USER_PATHS = NO;
				CLANG_ANALYZER_NONNULL = YES;
				CLANG_CXX_LANGUAGE_STANDARD = "gnu++0x";
				CLANG_CXX_LIBRARY = "libc++";
				CLANG_ENABLE_MODULES = YES;
				CLANG_ENABLE_OBJC_ARC = YES;
				CLANG_WARN_BOOL_CONVERSION = YES;
				CLANG_WARN_CONSTANT_CONVERSION = YES;
				CLANG_WARN_DIRECT_OBJC_ISA_USAGE = YES_ERROR;
				CLANG_WARN_DOCUMENTATION_COMMENTS = YES;
				CLANG_WARN_EMPTY_BODY = YES;
				CLANG_WARN_ENUM_CONVERSION = YES;
				CLANG_WARN_INFINITE_RECURSION = YES;
				CLANG_WARN_INT_CONVERSION = YES;
				CLANG_WARN_OBJC_ROOT_CLASS = YES_ERROR;
				CLANG_WARN_SUSPICIOUS_MOVES = YES;
				CLANG_WARN_UNREACHABLE_CODE = YES;
				CLANG_WARN__DUPLICATE_METHOD_MATCH = YES;
				CODE_SIGN_IDENTITY = "-";
				COPY_PHASE_STRIP = NO;
				DEBUG_INFORMATION_FORMAT = "dwarf-with-dsym";
				ENABLE_NS_ASSERTIONS = NO;
				ENABLE_STRICT_OBJC_MSGSEND = YES;
				GCC_C_LANGUAGE_STANDARD = gnu99;
				GCC_NO_COMMON_BLOCKS = YES;
				GCC_WARN_64_TO_32_BIT_CONVERSION = YES;
				GCC_WARN_ABOUT_RETURN_TYPE = YES_ERROR;
				GCC_WARN_UNDECLARED_SELECTOR = YES;
				GCC_WARN_UNINITIALIZED_AUTOS = YES_AGGRESSIVE;
				GCC_WARN_UNUSED_FUNCTION = YES;
				GCC_WARN_UNUSED_VARIABLE = YES;
				MACOSX_DEPLOYMENT_TARGET = 10.12;
				MTL_ENABLE_DEBUG_INFO = NO;
				SDKROOT = macosx;
			};
			name = Release;
		};
		729AAA971D86E722002A6230 /* Debug */ = {
			isa = XCBuildConfiguration;
			buildSettings = {
				DEVELOPMENT_TEAM = BNDA9Y6YV9;
				PRODUCT_NAME = "$(TARGET_NAME)";
				SWIFT_VERSION = 3.0;
			};
			name = Debug;
		};
		729AAA981D86E722002A6230 /* Release */ = {
			isa = XCBuildConfiguration;
			buildSettings = {
				DEVELOPMENT_TEAM = BNDA9Y6YV9;
				PRODUCT_NAME = "$(TARGET_NAME)";
				SWIFT_VERSION = 3.0;
			};
			name = Release;
		};
/* End XCBuildConfiguration section */

/* Begin XCConfigurationList section */
		729AAA8A1D86E722002A6230 /* Build configuration list for PBXProject "smpteCaptionCreator" */ = {
			isa = XCConfigurationList;
			buildConfigurations = (
				729AAA941D86E722002A6230 /* Debug */,
				729AAA951D86E722002A6230 /* Release */,
			);
			defaultConfigurationIsVisible = 0;
			defaultConfigurationName = Release;
		};
		729AAA961D86E722002A6230 /* Build configuration list for PBXNativeTarget "smpteCaptionCreator" */ = {
			isa = XCConfigurationList;
			buildConfigurations = (
				729AAA971D86E722002A6230 /* Debug */,
				729AAA981D86E722002A6230 /* Release */,
			);
			defaultConfigurationIsVisible = 0;
		};
/* End XCConfigurationList section */
	};
	rootObject = 729AAA871D86E722002A6230 /* Project object */;
}
